
Microsoft Visual Studio Solution File, Format Version 12.00
# Visual Studio Version 17
VisualStudioVersion = 17.0.32112.339
MinimumVisualStudioVersion = 10.0.40219.1
Project("{FAE04EC0-301F-11D3-BF4B-00C04F79EFBC}") = "SandS", "SandS\SandS.csproj", "{3F137CCF-41AB-4FF0-A3FD-C0051A1E05C9}"
EndProject
Global
	GlobalSection(SolutionConfigurationPlatforms) = preSolution
		Debug|Any CPU = Debug|Any CPU
		Release|Any CPU = Release|Any CPU
	EndGlobalSection
	GlobalSection(ProjectConfigurationPlatforms) = postSolution
		{3F137CCF-41AB-4FF0-A3FD-C0051A1E05C9}.Debug|Any CPU.ActiveCfg = Debug|Any CPU
		{3F137CCF-41AB-4FF0-A3FD-C0051A1E05C9}.Debug|Any CPU.Build.0 = Debug|Any CPU
		{3F137CCF-41AB-4FF0-A3FD-C0051A1E05C9}.Release|Any CPU.ActiveCfg = Release|Any CPU
		{3F137CCF-41AB-4FF0-A3FD-C0051A1E05C9}.Release|Any CPU.Build.0 = Release|Any CPU
	EndGlobalSection
	GlobalSection(SolutionProperties) = preSolution
		HideSolutionNode = FALSE
	EndGlobalSection
	GlobalSection(ExtensibilityGlobals) = postSolution
		SolutionGuid = {DD4B40C6-4E57-4BDD-8FB5-C44D4E6E0883}
	EndGlobalSection
EndGlobal
