
Microsoft Visual Studio Solution File, Format Version 12.00
# Visual Studio Version 17
VisualStudioVersion = 17.0.32112.339
MinimumVisualStudioVersion = 10.0.40219.1
Project("{9A19103F-16F7-4668-BE54-9A1E7A4F7556}") = "SandS", "SandS\SandS.csproj", "{3F137CCF-41AB-4FF0-A3FD-C0051A1E05C9}"
EndProject
Project("{2150E333-8FDC-42A3-9474-1A3956D46DE8}") = "Solution Items", "Solution Items", "{09E559DE-16A4-4309-AF0A-7FDD42C3798D}"
	ProjectSection(SolutionItems) = preProject
		.editorconfig = .editorconfig
	EndProjectSection
EndProject
Global
	GlobalSection(SolutionConfigurationPlatforms) = preSolution
		Debug|Any CPU = Debug|Any CPU
		Release|Any CPU = Release|Any CPU
	EndGlobalSection
	GlobalSection(ProjectConfigurationPlatforms) = postSolution
		{3F137CCF-41AB-4FF0-A3FD-C0051A1E05C9}.Debug|Any CPU.ActiveCfg = Debug|Any CPU
		{3F137CCF-41AB-4FF0-A3FD-C0051A1E05C9}.Debug|Any CPU.Build.0 = Debug|Any CPU
		{3F137CCF-41AB-4FF0-A3FD-C0051A1E05C9}.Release|Any CPU.ActiveCfg = Release|Any CPU
		{3F137CCF-41AB-4FF0-A3FD-C0051A1E05C9}.Release|Any CPU.Build.0 = Release|Any CPU
	EndGlobalSection
	GlobalSection(SolutionProperties) = preSolution
		HideSolutionNode = FALSE
	EndGlobalSection
	GlobalSection(ExtensibilityGlobals) = postSolution
		SolutionGuid = {DD4B40C6-4E57-4BDD-8FB5-C44D4E6E0883}
	EndGlobalSection
EndGlobal
